
Microsoft Visual Studio Solution File, Format Version 12.00
# Visual Studio Version 17
VisualStudioVersion = 17.1.32414.318
MinimumVisualStudioVersion = 10.0.40219.1
Project("{FAE04EC0-301F-11D3-BF4B-00C04F79EFBC}") = "Exam_WF", "Exam_WF.csproj", "{D1D10648-7D6E-4393-B940-139EBBE1E70C}"
EndProject
Global
	GlobalSection(SolutionConfigurationPlatforms) = preSolution
		Debug|Any CPU = Debug|Any CPU
		Release|Any CPU = Release|Any CPU
	EndGlobalSection
	GlobalSection(ProjectConfigurationPlatforms) = postSolution
		{D1D10648-7D6E-4393-B940-139EBBE1E70C}.Debug|Any CPU.ActiveCfg = Debug|Any CPU
		{D1D10648-7D6E-4393-B940-139EBBE1E70C}.Debug|Any CPU.Build.0 = Debug|Any CPU
		{D1D10648-7D6E-4393-B940-139EBBE1E70C}.Release|Any CPU.ActiveCfg = Release|Any CPU
		{D1D10648-7D6E-4393-B940-139EBBE1E70C}.Release|Any CPU.Build.0 = Release|Any CPU
	EndGlobalSection
	GlobalSection(SolutionProperties) = preSolution
		HideSolutionNode = FALSE
	EndGlobalSection
	GlobalSection(ExtensibilityGlobals) = postSolution
		SolutionGuid = {518CC7B9-D431-4DA8-9C6E-1406C3C63498}
	EndGlobalSection
EndGlobal
